{
  "version": 1,
  "dependencies": {
    "net10.0-windows7.0": {
      "BenchmarkDotNet": {
        "type": "Direct",
        "requested": "[0.15.8, )",
        "resolved": "0.15.8",
        "contentHash": "paCfrWxSeHqn3rUZc0spYXVFnHCF0nzRhG0nOLnyTjZYs8spsimBaaNmb3vwqvALKIplbYq/TF393vYiYSnh/Q==",
        "dependencies": {
          "BenchmarkDotNet.Annotations": "0.15.8",
          "CommandLineParser": "2.9.1",
          "Gee.External.Capstone": "2.3.0",
          "Iced": "1.21.0",
          "Microsoft.CodeAnalysis.CSharp": "4.14.0",
          "Microsoft.Diagnostics.Runtime": "3.1.512801",
          "Microsoft.Diagnostics.Tracing.TraceEvent": "3.1.21",
          "Microsoft.DotNet.PlatformAbstractions": "3.1.6",
          "Perfolizer": "[0.6.1]",
          "System.Management": "9.0.5"
        }
      },
      "Avalonia": {
        "type": "Transitive",
        "resolved": "12.0.4",
        "contentHash": "0ehIUuOVaR3OmsL8YK8v9yCCnOpzRtQSDgP5Nh2fMc+Lji8WoVGD+J6nvwkGjCH5hbm1urgvkVYWAYWkby0EeQ==",
        "dependencies": {
          "Avalonia.BuildServices": "11.3.2",
          "Avalonia.Remote.Protocol": "12.0.4",
          "MicroCom.Runtime": "0.11.4"
        }
      },
      "Avalonia.Angle.Windows.Natives": {
        "type": "Transitive",
        "resolved": "2.1.27548.20260419",
        "contentHash": "l17nI3XVDN3oMnpjf2pnmJg0YTwK4m6NLsn/itAjDMdObTFxN77D5F1M9sRMSfViSY3KKcse1ROczwgoWLJsnA=="
      },
      "Avalonia.BuildServices": {
        "type": "Transitive",
        "resolved": "11.3.2",
        "contentHash": "qHDToxto1e3hci5YqbG9n0Ty8mlp3zBUN5wT66wKqaDVzXyQ0do3EnRILd4Ke9jpvsktaPpgE0YjEk7hornryQ=="
      },
      "Avalonia.Controls.ColorPicker": {
        "type": "Transitive",
        "resolved": "12.0.4",
        "contentHash": "f10wfiK2qPPmuT9kGlo8nf6QXXrGTuD5Q4cImt/QzaPDTlVYD6lpernmlO6Pvr8iPqm5ZAiUvCAskpvwqdwNOw==",
        "dependencies": {
          "Avalonia": "12.0.4",
          "Avalonia.Remote.Protocol": "12.0.4"
        }
      },
      "Avalonia.Desktop": {
        "type": "Transitive",
        "resolved": "12.0.4",
        "contentHash": "7gnap/vQzMQESufH+muozlsOPAcMGE6CKEXUmv9Jx7dRK/OYO+r10ETrmRJg/zYgLPG8stZElsPUMhK8X+8rEQ==",
        "dependencies": {
          "Avalonia": "12.0.4",
          "Avalonia.HarfBuzz": "12.0.4",
          "Avalonia.Native": "12.0.4",
          "Avalonia.Skia": "12.0.4",
          "Avalonia.Win32": "12.0.4",
          "Avalonia.X11": "12.0.4"
        }
      },
      "Avalonia.Fonts.Inter": {
        "type": "Transitive",
        "resolved": "12.0.4",
        "contentHash": "wXyoxswY4hD6Ly9iB9sojD4rZ104trm2Z1HWLgjHo/eZcBpwT6/T0CDOVp2PeN2wSd72bKlE0n3pFj9t/z7Ipw==",
        "dependencies": {
          "Avalonia": "12.0.4"
        }
      },
      "Avalonia.FreeDesktop": {
        "type": "Transitive",
        "resolved": "12.0.4",
        "contentHash": "MYZ51mQg3ir1ZJO2ePoNHoixwGomJ0x1EH0NzLTFidsikkQDIPVA50yIHXamFRUaFFutK+XKRsk+afrUv2HZAQ==",
        "dependencies": {
          "Avalonia": "12.0.4",
          "Tmds.DBus.Protocol": "0.92.0"
        }
      },
      "Avalonia.FreeDesktop.AtSpi": {
        "type": "Transitive",
        "resolved": "12.0.4",
        "contentHash": "BRr7G2n9VFSdGmv3ZRxH2327Op1svwadmKw/RfU0lC96COVS7fWLIXxQFYzz+LvgiENt9+IE1nQGcOQCJVhZZA==",
        "dependencies": {
          "Avalonia": "12.0.4"
        }
      },
      "Avalonia.HarfBuzz": {
        "type": "Transitive",
        "resolved": "12.0.4",
        "contentHash": "FT5XHaxnCA+kj+Q6dXAPC9/Gy1eBz3buT7T6KJFu+P8+2WZoSFBN5Pk4mO/VA8OTUwtZB/TOX8lExSrmxUBdqw==",
        "dependencies": {
          "Avalonia": "12.0.4",
          "HarfBuzzSharp": "8.3.1.3",
          "HarfBuzzSharp.NativeAssets.Linux": "8.3.1.3",
          "HarfBuzzSharp.NativeAssets.WebAssembly": "8.3.1.3"
        }
      },
      "Avalonia.Native": {
        "type": "Transitive",
        "resolved": "12.0.4",
        "contentHash": "N1Mxv+R9kQ9UDOybaQLNviDZ91k0RmY3m84Vj1gXsJcc+qMmGr0jvs0dBNcsvTHqkfY8gZC+u8CWdJUfLtRMAQ==",
        "dependencies": {
          "Avalonia": "12.0.4"
        }
      },
      "Avalonia.Remote.Protocol": {
        "type": "Transitive",
        "resolved": "12.0.4",
        "contentHash": "Cvnzp2KTO7BScBPnn4Q91PmVwLvv19of+ZxrN3KFHYQe8in0qNaefZgOHGEiXZ841WpdO3VUFw7qvxv/1RTTGg=="
      },
      "Avalonia.Skia": {
        "type": "Transitive",
        "resolved": "12.0.4",
        "contentHash": "YXUvuMqhbie4uNM9LTbniksavQcxhY0HLaxoH3IW7v4tYiV0U7VHQFDd0qfrlqqnmNZ6mtllk6wqm9uSr/YDZw==",
        "dependencies": {
          "Avalonia": "12.0.4",
          "HarfBuzzSharp": "8.3.1.3",
          "HarfBuzzSharp.NativeAssets.Linux": "8.3.1.3",
          "HarfBuzzSharp.NativeAssets.WebAssembly": "8.3.1.3",
          "SkiaSharp": "3.119.4",
          "SkiaSharp.NativeAssets.Linux": "3.119.4",
          "SkiaSharp.NativeAssets.WebAssembly": "3.119.4"
        }
      },
      "Avalonia.Themes.Fluent": {
        "type": "Transitive",
        "resolved": "12.0.4",
        "contentHash": "SWhg/CGDkQmYspvYHSH7f6OTqhAfdbK5oBpitL1TiGVc/KtslShZeQyW9kLo6vYajJmbjZG01gNGplcmjEyV4g==",
        "dependencies": {
          "Avalonia": "12.0.4"
        }
      },
      "Avalonia.Win32": {
        "type": "Transitive",
        "resolved": "12.0.4",
        "contentHash": "B4knOvBcS0sqHLW7uqGZCN42uqV08zdWcguIfWGGb1vOmdYnNDbTbVzMUEKKBCUuNIKE0Vs4y7zk8lvwyybyiA==",
        "dependencies": {
          "Avalonia": "12.0.4",
          "Avalonia.Angle.Windows.Natives": "2.1.27548.20260419"
        }
      },
      "Avalonia.X11": {
        "type": "Transitive",
        "resolved": "12.0.4",
        "contentHash": "zFSVXbhhUMkXL+Ity0slAzys1AOsGVX89n23uVBoQ0I26MU/xsRajDkDhNB5R/HdQGI57dEYSyRYsq+B2pxPFw==",
        "dependencies": {
          "Avalonia": "12.0.4",
          "Avalonia.FreeDesktop": "12.0.4",
          "Avalonia.FreeDesktop.AtSpi": "12.0.4",
          "Avalonia.Skia": "12.0.4"
        }
      },
      "BenchmarkDotNet.Annotations": {
        "type": "Transitive",
        "resolved": "0.15.8",
        "contentHash": "hfucY0ycAsB0SsoaZcaAp9oq5wlWBJcylvEJb9pmvdYUx6PD6S4mDiYnZWjdjAlLhIpe/xtGCwzORfzAzPqvzA=="
      },
      "CliWrap": {
        "type": "Transitive",
        "resolved": "3.10.0",
        "contentHash": "Igph39WNImUFqQrpTeBDPafcCnM1u/8IooZHqMRF/5JdV5H78p+AbZkeYY1Nkz1WlbI/Gt2Hq/3rYh55jxRF9Q=="
      },
      "CommandLineParser": {
        "type": "Transitive",
        "resolved": "2.9.1",
        "contentHash": "OE0sl1/sQ37bjVsPKKtwQlWDgqaxWgtme3xZz7JssWUzg5JpMIyHgCTY9MVMxOg48fJ1AgGT3tgdH5m/kQ5xhA=="
      },
      "CommunityToolkit.HighPerformance": {
        "type": "Transitive",
        "resolved": "8.4.2",
        "contentHash": "2hmtrrU18x6NL3mbuAqwy0KpnoEEJOuK6sH5RKQfD/jHijn2pqvqBUC7WGy9dgNBL9BDA7eOC0kirsNPMp2f4Q=="
      },
      "DynamicData": {
        "type": "Transitive",
        "resolved": "9.4.31",
        "contentHash": "w2bT92Z5ADtnmtKiC9mzk21h7MtXtZEQKWFyytuHqhPBo7rKPWnvFk/xy1M/VA6XQTbCjRWMNV795w+RizFn4g==",
        "dependencies": {
          "System.Reactive": "6.1.0"
        }
      },
      "FFmpeg.AutoGen": {
        "type": "Transitive",
        "resolved": "8.0.0.1",
        "contentHash": "GrkNQjYwjOI56yh3cKhOP4yGm74gBXY2qU0blBEBfQtIho9SD6KemnVvh/loouop8wGnPHOrpL/WB3htgT2jkg=="
      },
      "Gee.External.Capstone": {
        "type": "Transitive",
        "resolved": "2.3.0",
        "contentHash": "2ap/rYmjtzCOT8hxrnEW/QeiOt+paD8iRrIcdKX0cxVwWLFa1e+JDBNeECakmccXrSFeBQuu5AV8SNkipFMMMw=="
      },
      "Google.Protobuf": {
        "type": "Transitive",
        "resolved": "3.30.2",
        "contentHash": "Y2aOVLIt75yeeEWigg9V9YnjsEm53sADtLGq0gLhwaXpk3iu8tYSoauolyhenagA2sWno2TQ2WujI0HQd6s1Vw=="
      },
      "HarfBuzzSharp": {
        "type": "Transitive",
        "resolved": "8.3.1.3",
        "contentHash": "NGZ2+ZVNPM+NdHB/asW0/ykWngyHWwcqjrbN2nDeH1B/aptPGlCUl8wkQ2cSJxw5fdWgdmIPmNuTPWpLwNVXWg==",
        "dependencies": {
          "HarfBuzzSharp.NativeAssets.Win32": "8.3.1.3",
          "HarfBuzzSharp.NativeAssets.macOS": "8.3.1.3"
        }
      },
      "HarfBuzzSharp.NativeAssets.Linux": {
        "type": "Transitive",
        "resolved": "8.3.1.3",
        "contentHash": "RI6A1LgmooU30+4QIyFt5rmBCzP0VzTR+587IJSGvYIsHHWlahFufihYxtraLfsIhW7I8dn6+xX+DZGygOPKWQ=="
      },
      "HarfBuzzSharp.NativeAssets.macOS": {
        "type": "Transitive",
        "resolved": "8.3.1.3",
        "contentHash": "KPTq0xnslkI6nAo0jh3ptcQPJvZZr7MWYXa2jUe4SnHc9q+JlHElmNXp0sfFoiTgoCX7WOYpYsurypuH9Gehxw=="
      },
      "HarfBuzzSharp.NativeAssets.WebAssembly": {
        "type": "Transitive",
        "resolved": "8.3.1.3",
        "contentHash": "w2QfdNm9Uz/sUa0B5D+OnVQhyq3G/fBq6ibQMdWBlQqqwh0g0/5j3RFvYqZAmRZ5+RzvjVe8o8SFFnWYUSkuxA=="
      },
      "HarfBuzzSharp.NativeAssets.Win32": {
        "type": "Transitive",
        "resolved": "8.3.1.3",
        "contentHash": "bx8CE8Js+XGX8PUxAHCBDEORt5aaBYtMN4Hr9QFs57Xithh6yjUyYqksizH6eRDhJkwsGI+SXWmPmMm8lZC9Pw=="
      },
      "Iced": {
        "type": "Transitive",
        "resolved": "1.21.0",
        "contentHash": "dv5+81Q1TBQvVMSOOOmRcjJmvWcX3BZPZsIq31+RLc5cNft0IHAyNlkdb7ZarOWG913PyBoFDsDXoCIlKmLclg=="
      },
      "LLamaSharp": {
        "type": "Transitive",
        "resolved": "0.27.0",
        "contentHash": "y/lkHRIiChk9lP1VGIH+bXUkx7CPFZiAqmmzLmKcphtDS1wk2utVemd5EsSXH6rvKYa/S68/6NzUItHmSrt/Ow==",
        "dependencies": {
          "CommunityToolkit.HighPerformance": "8.4.2",
          "Microsoft.Bcl.AsyncInterfaces": "10.0.5",
          "Microsoft.Bcl.Memory": "10.0.5",
          "Microsoft.Extensions.AI.Abstractions": "10.4.1",
          "Microsoft.Extensions.Logging.Abstractions": "10.0.5",
          "System.Linq.Async": "7.0.0",
          "System.Numerics.Tensors": "10.0.5"
        }
      },
      "LLamaSharp.Backend.Cpu": {
        "type": "Transitive",
        "resolved": "0.27.0",
        "contentHash": "fZOfnsWKx/kaOqCMSkZ2w5ww++/YGq56T8PWst0KjtmXQBthNAuE11HIaxMK5TBD0EWqoCxqlC8oVCOssF4+MQ=="
      },
      "MicroCom.Runtime": {
        "type": "Transitive",
        "resolved": "0.11.4",
        "contentHash": "yZ8+Lgwo+KtRI29TB2mIOEMzV+csMJ+pKZg4YHReAP3vRewWLKKeYfrBDo5FS69rWnEbCfU3sbM+ZEQr+GDLtg=="
      },
      "Microsoft.AI.DirectML": {
        "type": "Transitive",
        "resolved": "1.15.2",
        "contentHash": "FVvIJWnT14L5cTEr8uc40mY2lAdtzcAcgsas4i4HF7EcZMr8RJyLWTCxQj1K7fi7DNykBufQe1K5HDh/oIBz0g=="
      },
      "Microsoft.Bcl.AsyncInterfaces": {
        "type": "Transitive",
        "resolved": "10.0.5",
        "contentHash": "hQB3Hq1LlF0NkGVNyZIvwIQIY3LM7Cw1oYjNiTvdNqmzzipVAWEK1c5sj2H5aFX0udnjgPLxSYKq2fupueS8ow=="
      },
      "Microsoft.Bcl.Memory": {
        "type": "Transitive",
        "resolved": "10.0.5",
        "contentHash": "odTrIyDJPgqCKEo6sOOfMzh0TaPufY/SLHrrMkqGlxGWVc5NQbZD5h1fxf/Q+PrGnhct5VWmmfKREA4h6JtTng=="
      },
      "Microsoft.CodeAnalysis.Analyzers": {
        "type": "Transitive",
        "resolved": "3.11.0",
        "contentHash": "v/EW3UE8/lbEYHoC2Qq7AR/DnmvpgdtAMndfQNmpuIMx/Mto8L5JnuCfdBYtgvalQOtfNCnxFejxuRrryvUTsg=="
      },
      "Microsoft.CodeAnalysis.Common": {
        "type": "Transitive",
        "resolved": "4.14.0",
        "contentHash": "PC3tuwZYnC+idaPuoC/AZpEdwrtX7qFpmnrfQkgobGIWiYmGi5MCRtl5mx6QrfMGQpK78X2lfIEoZDLg/qnuHg==",
        "dependencies": {
          "Microsoft.CodeAnalysis.Analyzers": "3.11.0"
        }
      },
      "Microsoft.CodeAnalysis.CSharp": {
        "type": "Transitive",
        "resolved": "4.14.0",
        "contentHash": "568a6wcTivauIhbeWcCwfWwIn7UV7MeHEBvFB2uzGIpM2OhJ4eM/FZ8KS0yhPoNxnSpjGzz7x7CIjTxhslojQA==",
        "dependencies": {
          "Microsoft.CodeAnalysis.Analyzers": "3.11.0",
          "Microsoft.CodeAnalysis.Common": "[4.14.0]"
        }
      },
      "Microsoft.Diagnostics.NETCore.Client": {
        "type": "Transitive",
        "resolved": "0.2.510501",
        "contentHash": "juoqJYMDs+lRrrZyOkXXMImJHneCF23cuvO4waFRd2Ds7j+ZuGIPbJm0Y/zz34BdeaGiiwGWraMUlln05W1PCQ==",
        "dependencies": {
          "Microsoft.Extensions.Logging": "6.0.0"
        }
      },
      "Microsoft.Diagnostics.Runtime": {
        "type": "Transitive",
        "resolved": "3.1.512801",
        "contentHash": "0lMUDr2oxNZa28D6NH5BuSQEe5T9tZziIkvkD44YkkCGQXPJqvFjLq5ZQq1hYLl3RjQJrY+hR0jFgap+EWPDTw==",
        "dependencies": {
          "Microsoft.Diagnostics.NETCore.Client": "0.2.410101"
        }
      },
      "Microsoft.Diagnostics.Tracing.TraceEvent": {
        "type": "Transitive",
        "resolved": "3.1.21",
        "contentHash": "/OrJFKaojSR6TkUKtwh8/qA9XWNtxLrXMqvEb89dBSKCWjaGVTbKMYodIUgF5deCEtmd6GXuRerciXGl5bhZ7Q==",
        "dependencies": {
          "Microsoft.Diagnostics.NETCore.Client": "0.2.510501",
          "System.Reflection.TypeExtensions": "4.7.0"
        }
      },
      "Microsoft.DotNet.PlatformAbstractions": {
        "type": "Transitive",
        "resolved": "3.1.6",
        "contentHash": "jek4XYaQ/PGUwDKKhwR8K47Uh1189PFzMeLqO83mXrXQVIpARZCcfuDedH50YDTepBkfijCZN5U/vZi++erxtg=="
      },
      "Microsoft.Extensions.AI.Abstractions": {
        "type": "Transitive",
        "resolved": "10.4.1",
        "contentHash": "ZxhU/wg9BOc3ohibhLl18toPLWm96ysQoE+3OhCgrZ0TUPZd7bsUmGteeatz08yweyuPIEhtyUzEZTF+3bMWEQ=="
      },
      "Microsoft.Extensions.DependencyInjection": {
        "type": "Transitive",
        "resolved": "6.0.0",
        "contentHash": "k6PWQMuoBDGGHOQTtyois2u4AwyVcIwL2LaSLlTZQm2CYcJ1pxbt6jfAnpWmzENA/wfrYRI/X9DTLoUkE4AsLw==",
        "dependencies": {
          "Microsoft.Extensions.DependencyInjection.Abstractions": "6.0.0"
        }
      },
      "Microsoft.Extensions.DependencyInjection.Abstractions": {
        "type": "Transitive",
        "resolved": "10.0.5",
        "contentHash": "iVMtq9eRvzyhx8949EGT0OCYJfXi737SbRVzWXE5GrOgGj5AaZ9eUuxA/BSUfmOMALKn/g8KfFaNQw0eiB3lyA=="
      },
      "Microsoft.Extensions.Logging": {
        "type": "Transitive",
        "resolved": "6.0.0",
        "contentHash": "eIbyj40QDg1NDz0HBW0S5f3wrLVnKWnDJ/JtZ+yJDFnDj90VoPuoPmFkeaXrtu+0cKm5GRAwoDf+dBWXK0TUdg==",
        "dependencies": {
          "Microsoft.Extensions.DependencyInjection": "6.0.0",
          "Microsoft.Extensions.DependencyInjection.Abstractions": "6.0.0",
          "Microsoft.Extensions.Logging.Abstractions": "6.0.0",
          "Microsoft.Extensions.Options": "6.0.0"
        }
      },
      "Microsoft.Extensions.Logging.Abstractions": {
        "type": "Transitive",
        "resolved": "10.0.5",
        "contentHash": "9HOdqlDtPptVcmKAjsQ/Nr5Rxfq6FMYLdhvZh1lVmeKR738qeYecQD7+ldooXf+u2KzzR1kafSphWngIM3C6ug==",
        "dependencies": {
          "Microsoft.Extensions.DependencyInjection.Abstractions": "10.0.5"
        }
      },
      "Microsoft.Extensions.Options": {
        "type": "Transitive",
        "resolved": "6.0.0",
        "contentHash": "dzXN0+V1AyjOe2xcJ86Qbo233KHuLEY0njf/P2Kw8SfJU+d45HNS2ctJdnEnrWbM9Ye2eFgaC5Mj9otRMU6IsQ==",
        "dependencies": {
          "Microsoft.Extensions.DependencyInjection.Abstractions": "6.0.0",
          "Microsoft.Extensions.Primitives": "6.0.0"
        }
      },
      "Microsoft.Extensions.Primitives": {
        "type": "Transitive",
        "resolved": "6.0.0",
        "contentHash": "9+PnzmQFfEFNR9J2aDTfJGGupShHjOuGw4VUv+JB044biSHrnmCIMD+mJHmb2H7YryrfBEXDurxQ47gJZdCKNQ=="
      },
      "Microsoft.ML.OnnxRuntime.DirectML": {
        "type": "Transitive",
        "resolved": "1.20.1",
        "contentHash": "IQSqKIwOGJ8azkJxqT7h/xGkjw3AKdVd/f9BfnbwQVBRZ7W5vrv8nCirNYPO0Xr3XJ27RpSzXSKIRBkiQlhjyw==",
        "dependencies": {
          "Microsoft.AI.DirectML": "1.15.2",
          "Microsoft.ML.OnnxRuntime.Managed": "1.20.1"
        }
      },
      "Microsoft.ML.OnnxRuntime.Managed": {
        "type": "Transitive",
        "resolved": "1.20.1",
        "contentHash": "+EVcEcKdq3gkw6iu8TYl2coJxfPnMi1YQc6eZ80BGNlw6mbBCxNGe6h4udDCwENYWsXFvYjoBc6412t40tl4ew=="
      },
      "Microsoft.ML.Tokenizers": {
        "type": "Transitive",
        "resolved": "2.0.0",
        "contentHash": "+b8lT4cLLO/sBR2hjvE/qG6qrZG15h7/PBvnIrzTh4xDaAxdHUY6449rC+1pHzQUsBiCHZVbj+VMn+xS0sL7TA==",
        "dependencies": {
          "Google.Protobuf": "3.30.2"
        }
      },
      "NAudio": {
        "type": "Transitive",
        "resolved": "2.2.1",
        "contentHash": "c0DzwiyyklM0TP39Y7RObwO3QkWecgM6H60ikiEnsV/aEAJPbj5MFCLaD8BSfKuZe0HGuh9GRGWWlJmSxDc9MA==",
        "dependencies": {
          "NAudio.Asio": "2.2.1",
          "NAudio.Core": "2.2.1",
          "NAudio.Midi": "2.2.1",
          "NAudio.Wasapi": "2.2.1",
          "NAudio.WinForms": "2.2.1",
          "NAudio.WinMM": "2.2.1"
        }
      },
      "NAudio.Asio": {
        "type": "Transitive",
        "resolved": "2.2.1",
        "contentHash": "hQglyOT5iT3XuGpBP8ZG0+aoqwRfidHjTNehpoWwX0g6KJEgtH2VaqM2nuJ2mheKZa/IBqB4YQTZVvrIapzfOA==",
        "dependencies": {
          "NAudio.Core": "2.2.1"
        }
      },
      "NAudio.Core": {
        "type": "Transitive",
        "resolved": "2.2.1",
        "contentHash": "GgkdP6K/7FqXFo7uHvoqGZTJvW4z8g2IffhOO4JHaLzKCdDOUEzVKtveoZkCuUX8eV2HAINqi7VFqlFndrnz/g=="
      },
      "NAudio.Midi": {
        "type": "Transitive",
        "resolved": "2.2.1",
        "contentHash": "6r23ylGo5aeP02WFXsPquz0T0hFJWyh+7t++tz19tc3Kr38NHm+Z9j+FiAv+xkH8tZqXJqus9Q8p6u7bidIgbw==",
        "dependencies": {
          "NAudio.Core": "2.2.1"
        }
      },
      "NAudio.Wasapi": {
        "type": "Transitive",
        "resolved": "2.2.1",
        "contentHash": "lFfXoqacZZe0WqNChJgGYI+XV/n/61LzPHT3C1CJp4khoxeo2sziyX5wzNYWeCMNbsWxFvT3b3iXeY1UYjBhZw==",
        "dependencies": {
          "NAudio.Core": "2.2.1"
        }
      },
      "NAudio.WinForms": {
        "type": "Transitive",
        "resolved": "2.2.1",
        "contentHash": "DlDkewY1myY0A+3NrYRJD+MZhZV0yy1mNF6dckB27IQ9XCs/My5Ip8BZcoSHOsaPSe2GAjvoaDnk6N9w8xTv7w==",
        "dependencies": {
          "NAudio.WinMM": "2.2.1"
        }
      },
      "NAudio.WinMM": {
        "type": "Transitive",
        "resolved": "2.2.1",
        "contentHash": "xFHRFwH4x6aq3IxRbewvO33ugJRvZFEOfO62i7uQJRUNW2cnu6BeBTHUS0JD5KBucZbHZaYqxQG8dwZ47ezQuQ==",
        "dependencies": {
          "NAudio.Core": "2.2.1"
        }
      },
      "Perfolizer": {
        "type": "Transitive",
        "resolved": "0.6.1",
        "contentHash": "CR1QmWg4XYBd1Pb7WseP+sDmV8nGPwvmowKynExTqr3OuckIGVMhvmN4LC5PGzfXqDlR295+hz/T7syA1CxEqA==",
        "dependencies": {
          "Pragmastat": "3.2.4"
        }
      },
      "Pragmastat": {
        "type": "Transitive",
        "resolved": "3.2.4",
        "contentHash": "I5qFifWw/gaTQT52MhzjZpkm/JPlfjSeO/DTZJjO7+hTKI+0aGRgOgZ3NN6D96dDuuqbIAZSeA5RimtHjqrA2A=="
      },
      "ReactiveUI": {
        "type": "Transitive",
        "resolved": "23.2.28",
        "contentHash": "9sSuHnMcLTLhgMTQpQO6Jhz9Cbub3Pg44i6FS4Ot4UtbV8dpwMH3JGzGjT72oav4aSrJlmzbFyI87gX55oPzLA==",
        "dependencies": {
          "DynamicData": "9.4.31",
          "Splat": "19.4.1",
          "System.Reactive": "6.1.0"
        }
      },
      "ReactiveUI.Avalonia": {
        "type": "Transitive",
        "resolved": "12.0.3",
        "contentHash": "mmUZb8I+0dN7DlJ1Y8KmrB3AK7QH377GjBug1mcbVbMVMlqnokjXVUE0KThn1H0eKpnyjY9CHzrjIf0rCgRgFg==",
        "dependencies": {
          "Avalonia": "12.0.4",
          "ReactiveUI": "23.2.28",
          "Splat": "19.4.1"
        }
      },
      "Serilog": {
        "type": "Transitive",
        "resolved": "4.3.1",
        "contentHash": "savYe7h5yRlkqBVOwP8cIRDOdqKiPmYCU4W87JH38sBmcKD5EBoXvQIw6bNEvZ/pTe1gsiye3VFCzBsoppGkXQ=="
      },
      "Serilog.Sinks.File": {
        "type": "Transitive",
        "resolved": "7.0.0",
        "contentHash": "fKL7mXv7qaiNBUC71ssvn/dU0k9t0o45+qm2XgKAlSt19xF+ijjxyA3R6HmCgfKEKwfcfkwWjayuQtRueZFkYw==",
        "dependencies": {
          "Serilog": "4.2.0"
        }
      },
      "SkiaSharp": {
        "type": "Transitive",
        "resolved": "3.119.4",
        "contentHash": "53NOSUZ1Us+91Sm0uCkIivh/k7jOowRErZT2sIWwPFN9mLUvdxnE6rS4sWo4255+Rd2MWUSF+j0NMZHD6Cke+Q==",
        "dependencies": {
          "SkiaSharp.NativeAssets.Win32": "3.119.4",
          "SkiaSharp.NativeAssets.macOS": "3.119.4"
        }
      },
      "SkiaSharp.NativeAssets.Linux": {
        "type": "Transitive",
        "resolved": "3.119.4",
        "contentHash": "UAyVzbqNfZsZbKbzj68zXLyUyF/SbTKmzTfOO6qDu++dtIUMMTzPBe8oOuzU/DiewpfKoUUlOSsJmqWc6blxBw=="
      },
      "SkiaSharp.NativeAssets.macOS": {
        "type": "Transitive",
        "resolved": "3.119.4",
        "contentHash": "fgBOWEqbY012x7gMfJU4ezgz6dfhJb30Z6YdW35h85Zoe39+a8YNbAAwL29ihPfWoppg5AjvyKNzD1oCvlqWwA=="
      },
      "SkiaSharp.NativeAssets.WebAssembly": {
        "type": "Transitive",
        "resolved": "3.119.4",
        "contentHash": "S1HOxtBbD4bYDtA2e9WH5TX+lxqRrTPvKjrjttRhxnHNNu7YY8VFo/LeCP7tNqoTA6PV+8vsvNbmRUEC2ip8RQ=="
      },
      "SkiaSharp.NativeAssets.Win32": {
        "type": "Transitive",
        "resolved": "3.119.4",
        "contentHash": "XOpbx/4CReO2wYsq2s6rbvdauc6dntG4Zv499sHGTJ87bwZaFXszFkwql3+FIZMc8kUPeaj3Mx2ezIJmo8a1Kg=="
      },
      "Splat": {
        "type": "Transitive",
        "resolved": "19.4.1",
        "contentHash": "3VJOloRQA3bgbAxyNAi4mvLAR/mKH3h1agN5pIrUXvp9lAA2/rvUgxOYjt+GZ4suouLfXxkeKcS/bRjSclo1LQ==",
        "dependencies": {
          "Splat.Builder": "19.4.1",
          "Splat.Logging": "19.4.1"
        }
      },
      "Splat.Builder": {
        "type": "Transitive",
        "resolved": "19.4.1",
        "contentHash": "9i0RLWEwfheI8aI17WaW8AJmNlFVi7LaX3XQwAavGqUaJJi7Vp5Eh9umWqVQYBLjs87ztVLmax/OMzMyW2igKQ==",
        "dependencies": {
          "Splat.Core": "19.4.1"
        }
      },
      "Splat.Core": {
        "type": "Transitive",
        "resolved": "19.4.1",
        "contentHash": "fOjcUDP9YzJPZnSDI2eBO+NwRoEJVFEkTGlh/tFa7GUXc5mtMcQdwak60Ju4DWvPSAfsxlu2geObmhZAQe1VLg=="
      },
      "Splat.Logging": {
        "type": "Transitive",
        "resolved": "19.4.1",
        "contentHash": "bvudJQxxMnHIa9dtZaUUCpvmd96rQxA0yjrZLoB4OSiAJpIxMCDCwnDmG6RhDyW2pS3O0xef2e1STY/oL1PqRw==",
        "dependencies": {
          "Splat.Core": "19.4.1"
        }
      },
      "System.CodeDom": {
        "type": "Transitive",
        "resolved": "9.0.5",
        "contentHash": "cuzLM2MWutf9ZBEMPYYfd0DXwYdvntp7VCT6a/wvbKCa2ZuvGmW74xi+YBa2mrfEieAXqM4TNKlMmSnfAfpUoQ=="
      },
      "System.Interactive.Async": {
        "type": "Transitive",
        "resolved": "7.0.0",
        "contentHash": "Ckj+tg2BVOZ0oLp7FAbjfvRyA/BMkUhVxROLd+x22zncRR6KD7CdFzAYp+9Mo2cedxAMo2X9ZNyhZu68jdDITw=="
      },
      "System.Linq.Async": {
        "type": "Transitive",
        "resolved": "7.0.0",
        "contentHash": "A2Wci92Oyuodi8YLMQCJJ0vHqzgRFgEUG1K6tQNcoxHd3w05B1LvGzXvxQnGYPIL4Cr4hicHytpk2F2Jx8TZHg==",
        "dependencies": {
          "System.Interactive.Async": "7.0.0"
        }
      },
      "System.Management": {
        "type": "Transitive",
        "resolved": "9.0.5",
        "contentHash": "n6o9PZm9p25+zAzC3/48K0oHnaPKTInRrxqFq1fi/5TPbMLjuoCm/h//mS3cUmSy+9AO1Z+qsC/Ilt/ZFatv5Q==",
        "dependencies": {
          "System.CodeDom": "9.0.5"
        }
      },
      "System.Numerics.Tensors": {
        "type": "Transitive",
        "resolved": "10.0.5",
        "contentHash": "2Njj2ree91ur3lWNyQrjlVgxtOz8hV7f92ezTdQc//2S1TEQiNJ6DR9/gxM91Sca0Khk28QjYiCy7C2fPgqcCw=="
      },
      "System.Reactive": {
        "type": "Transitive",
        "resolved": "6.1.0",
        "contentHash": "M5cCC1ZMkZr9jbSQGTHnVkb5TDN67qWCV7AP8TAHdGkvDlu0puT5NzemESNn9+HkYIDpWpocP68/i+/ame2/2w=="
      },
      "System.Reflection.TypeExtensions": {
        "type": "Transitive",
        "resolved": "4.7.0",
        "contentHash": "VybpaOQQhqE6siHppMktjfGBw1GCwvCqiufqmP8F1nj7fTUNtW35LOEt3UZTEsECfo+ELAl/9o9nJx3U91i7vA=="
      },
      "Tmds.DBus.Protocol": {
        "type": "Transitive",
        "resolved": "0.92.0",
        "contentHash": "h7IMakm0PF2jxiagoysoAjrzzLQ0UBdnSXQL5kb17YW0Fvyo12Tg96A99QkzwktWRrd7H+Uw9EzjasNLUfGYlA=="
      },
      "ZLinq": {
        "type": "Transitive",
        "resolved": "1.5.5",
        "contentHash": "gWSFd85Ru7p/fWE3qI78QT8unoddFqLy3IJ0fxr+l99GXGUDKNVvV/5ZdrKH4x7v1lfdwp+i8dR2Fzreq71q8A=="
      },
      "gimmecapture": {
        "type": "Project",
        "dependencies": {
          "Avalonia": "[12.0.4, )",
          "Avalonia.Controls.ColorPicker": "[12.0.4, )",
          "Avalonia.Desktop": "[12.0.4, )",
          "Avalonia.Fonts.Inter": "[12.0.4, )",
          "Avalonia.Themes.Fluent": "[12.0.4, )",
          "CliWrap": "[3.10.0, )",
          "FFmpeg.AutoGen": "[8.0.0.1, )",
          "LLamaSharp": "[0.27.0, )",
          "LLamaSharp.Backend.Cpu": "[0.27.0, )",
          "Microsoft.ML.OnnxRuntime.DirectML": "[1.20.1, )",
          "Microsoft.ML.Tokenizers": "[2.0.0, )",
          "NAudio": "[2.2.1, )",
          "ReactiveUI.Avalonia": "[12.0.3, )",
          "Serilog": "[4.3.1, )",
          "Serilog.Sinks.File": "[7.0.0, )",
          "SkiaSharp": "[3.119.4, )",
          "ZLinq": "[1.5.5, )"
        }
      }
    },
    "net10.0-windows7.0/win-x64": {
      "Avalonia.Angle.Windows.Natives": {
        "type": "Transitive",
        "resolved": "2.1.27548.20260419",
        "contentHash": "l17nI3XVDN3oMnpjf2pnmJg0YTwK4m6NLsn/itAjDMdObTFxN77D5F1M9sRMSfViSY3KKcse1ROczwgoWLJsnA=="
      },
      "Avalonia.Native": {
        "type": "Transitive",
        "resolved": "12.0.4",
        "contentHash": "N1Mxv+R9kQ9UDOybaQLNviDZ91k0RmY3m84Vj1gXsJcc+qMmGr0jvs0dBNcsvTHqkfY8gZC+u8CWdJUfLtRMAQ==",
        "dependencies": {
          "Avalonia": "12.0.4"
        }
      },
      "Gee.External.Capstone": {
        "type": "Transitive",
        "resolved": "2.3.0",
        "contentHash": "2ap/rYmjtzCOT8hxrnEW/QeiOt+paD8iRrIcdKX0cxVwWLFa1e+JDBNeECakmccXrSFeBQuu5AV8SNkipFMMMw=="
      },
      "HarfBuzzSharp.NativeAssets.Linux": {
        "type": "Transitive",
        "resolved": "8.3.1.3",
        "contentHash": "RI6A1LgmooU30+4QIyFt5rmBCzP0VzTR+587IJSGvYIsHHWlahFufihYxtraLfsIhW7I8dn6+xX+DZGygOPKWQ=="
      },
      "HarfBuzzSharp.NativeAssets.macOS": {
        "type": "Transitive",
        "resolved": "8.3.1.3",
        "contentHash": "KPTq0xnslkI6nAo0jh3ptcQPJvZZr7MWYXa2jUe4SnHc9q+JlHElmNXp0sfFoiTgoCX7WOYpYsurypuH9Gehxw=="
      },
      "HarfBuzzSharp.NativeAssets.Win32": {
        "type": "Transitive",
        "resolved": "8.3.1.3",
        "contentHash": "bx8CE8Js+XGX8PUxAHCBDEORt5aaBYtMN4Hr9QFs57Xithh6yjUyYqksizH6eRDhJkwsGI+SXWmPmMm8lZC9Pw=="
      },
      "Microsoft.ML.OnnxRuntime.DirectML": {
        "type": "Transitive",
        "resolved": "1.20.1",
        "contentHash": "IQSqKIwOGJ8azkJxqT7h/xGkjw3AKdVd/f9BfnbwQVBRZ7W5vrv8nCirNYPO0Xr3XJ27RpSzXSKIRBkiQlhjyw==",
        "dependencies": {
          "Microsoft.AI.DirectML": "1.15.2",
          "Microsoft.ML.OnnxRuntime.Managed": "1.20.1"
        }
      },
      "SkiaSharp.NativeAssets.Linux": {
        "type": "Transitive",
        "resolved": "3.119.4",
        "contentHash": "UAyVzbqNfZsZbKbzj68zXLyUyF/SbTKmzTfOO6qDu++dtIUMMTzPBe8oOuzU/DiewpfKoUUlOSsJmqWc6blxBw=="
      },
      "SkiaSharp.NativeAssets.macOS": {
        "type": "Transitive",
        "resolved": "3.119.4",
        "contentHash": "fgBOWEqbY012x7gMfJU4ezgz6dfhJb30Z6YdW35h85Zoe39+a8YNbAAwL29ihPfWoppg5AjvyKNzD1oCvlqWwA=="
      },
      "SkiaSharp.NativeAssets.Win32": {
        "type": "Transitive",
        "resolved": "3.119.4",
        "contentHash": "XOpbx/4CReO2wYsq2s6rbvdauc6dntG4Zv499sHGTJ87bwZaFXszFkwql3+FIZMc8kUPeaj3Mx2ezIJmo8a1Kg=="
      },
      "System.Management": {
        "type": "Transitive",
        "resolved": "9.0.5",
        "contentHash": "n6o9PZm9p25+zAzC3/48K0oHnaPKTInRrxqFq1fi/5TPbMLjuoCm/h//mS3cUmSy+9AO1Z+qsC/Ilt/ZFatv5Q==",
        "dependencies": {
          "System.CodeDom": "9.0.5"
        }
      }
    }
  }
}